# This file was autogenerated by uv via the following command:
#    uv pip compile --python-version 3.11 requirements.txt requirements-test.txt -o requirements.lock
absl-py==2.5.0
    # via rouge-score
accelerate==1.14.0
    # via -r requirements.txt
aiohappyeyeballs==2.7.1
    # via aiohttp
aiohttp==3.14.3
    # via fsspec
aiosignal==1.4.0
    # via aiohttp
annotated-doc==0.0.5
    # via typer
anyio==4.14.2
    # via httpx
attrs==26.1.0
    # via aiohttp
bert-score==0.3.13
    # via -r requirements.txt
certifi==2026.7.22
    # via
    #   httpcore
    #   httpx
    #   requests
charset-normalizer==3.4.9
    # via requests
click==8.4.2
    # via
    #   huggingface-hub
    #   nltk
contourpy==1.3.3
    # via matplotlib
cuda-bindings==13.3.1
    # via torch
cuda-pathfinder==1.6.0
    # via cuda-bindings
cuda-toolkit==13.0.3.0
    # via torch
cycler==0.12.1
    # via matplotlib
datasets==5.0.1
    # via
    #   -r requirements.txt
    #   evaluate
defusedxml==0.7.1
    # via nltk
dill==0.4.1
    # via
    #   datasets
    #   evaluate
    #   multiprocess
evaluate==0.4.6
    # via -r requirements.txt
filelock==3.32.2
    # via
    #   datasets
    #   huggingface-hub
    #   torch
fonttools==4.63.0
    # via matplotlib
frozenlist==1.8.0
    # via
    #   aiohttp
    #   aiosignal
fsspec==2026.6.0
    # via
    #   datasets
    #   evaluate
    #   huggingface-hub
    #   torch
h11==0.16.0
    # via httpcore
hf-xet==1.6.0
    # via huggingface-hub
httpcore==1.0.9
    # via httpx
httpx==0.28.1
    # via
    #   datasets
    #   huggingface-hub
huggingface-hub==1.27.0
    # via
    #   accelerate
    #   datasets
    #   evaluate
    #   sentence-transformers
    #   tokenizers
    #   transformers
idna==3.18
    # via
    #   anyio
    #   httpx
    #   requests
    #   yarl
iniconfig==2.3.0
    # via pytest
jinja2==3.1.6
    # via torch
joblib==1.5.3
    # via
    #   nltk
    #   scikit-learn
kiwisolver==1.5.0
    # via matplotlib
markdown-it-py==4.2.0
    # via rich
markupsafe==3.0.3
    # via jinja2
matplotlib==3.11.1
    # via
    #   -r requirements.txt
    #   bert-score
    #   seaborn
mdurl==0.1.2
    # via markdown-it-py
mpmath==1.3.0
    # via sympy
multidict==6.7.1
    # via
    #   aiohttp
    #   yarl
multiprocess==0.70.19
    # via
    #   datasets
    #   evaluate
narwhals==2.24.0
    # via scikit-learn
networkx==3.6.1
    # via torch
nltk==3.10.2
    # via rouge-score
numpy==2.4.6
    # via
    #   -r requirements.txt
    #   accelerate
    #   bert-score
    #   contourpy
    #   datasets
    #   evaluate
    #   matplotlib
    #   pandas
    #   rouge-score
    #   scikit-learn
    #   scipy
    #   seaborn
    #   sentence-transformers
    #   transformers
nvidia-cublas==13.1.1.3
    # via
    #   cuda-toolkit
    #   nvidia-cudnn-cu13
    #   nvidia-cusolver
nvidia-cuda-cupti==13.0.85
    # via cuda-toolkit
nvidia-cuda-nvrtc==13.0.88
    # via
    #   cuda-toolkit
    #   nvidia-cublas
nvidia-cuda-runtime==13.0.96
    # via cuda-toolkit
nvidia-cudnn-cu13==9.20.0.48
    # via torch
nvidia-cufft==12.0.0.61
    # via cuda-toolkit
nvidia-cufile==1.15.1.6
    # via cuda-toolkit
nvidia-curand==10.4.0.35
    # via cuda-toolkit
nvidia-cusolver==12.0.4.66
    # via cuda-toolkit
nvidia-cusparse==12.6.3.3
    # via
    #   cuda-toolkit
    #   nvidia-cusolver
nvidia-cusparselt-cu13==0.8.1
    # via torch
nvidia-nccl-cu13==2.29.7
    # via torch
nvidia-nvjitlink==13.3.33
    # via
    #   cuda-toolkit
    #   nvidia-cufft
    #   nvidia-cusolver
    #   nvidia-cusparse
nvidia-nvshmem-cu13==3.4.5
    # via torch
nvidia-nvtx==13.0.85
    # via cuda-toolkit
packaging==26.3
    # via
    #   accelerate
    #   bert-score
    #   datasets
    #   evaluate
    #   huggingface-hub
    #   matplotlib
    #   pytest
    #   transformers
pandas==3.0.5
    # via
    #   -r requirements.txt
    #   bert-score
    #   datasets
    #   evaluate
    #   seaborn
pillow==12.3.0
    # via matplotlib
pluggy==1.6.0
    # via pytest
propcache==0.5.2
    # via
    #   aiohttp
    #   yarl
psutil==7.2.2
    # via accelerate
pyarrow==25.0.0
    # via
    #   -r requirements.txt
    #   datasets
pygments==2.20.0
    # via
    #   pytest
    #   rich
pyparsing==3.3.2
    # via matplotlib
pytest==8.4.2
    # via -r requirements-test.txt
python-dateutil==2.9.0.post0
    # via
    #   matplotlib
    #   pandas
pyyaml==6.0.3
    # via
    #   -r requirements.txt
    #   accelerate
    #   datasets
    #   huggingface-hub
    #   transformers
regex==2026.7.19
    # via
    #   nltk
    #   transformers
requests==2.34.2
    # via
    #   bert-score
    #   datasets
    #   evaluate
rich==15.0.0
    # via typer
rouge-score==0.1.2
    # via -r requirements.txt
safetensors==0.8.0
    # via
    #   accelerate
    #   transformers
scikit-learn==1.9.0
    # via
    #   -r requirements.txt
    #   sentence-transformers
scipy==1.17.1
    # via
    #   scikit-learn
    #   sentence-transformers
seaborn==0.13.2
    # via -r requirements.txt
sentence-transformers==5.7.0
    # via -r requirements.txt
setuptools==83.0.0
    # via torch
shellingham==1.5.4
    # via typer
six==1.17.0
    # via
    #   python-dateutil
    #   rouge-score
sympy==1.14.0
    # via torch
threadpoolctl==3.6.0
    # via scikit-learn
tokenizers==0.22.2
    # via
    #   sentence-transformers
    #   transformers
torch==2.13.0
    # via
    #   -r requirements.txt
    #   accelerate
    #   bert-score
    #   sentence-transformers
tqdm==4.70.0
    # via
    #   -r requirements.txt
    #   bert-score
    #   datasets
    #   evaluate
    #   huggingface-hub
    #   nltk
    #   sentence-transformers
    #   transformers
transformers==5.14.1
    # via
    #   -r requirements.txt
    #   bert-score
    #   sentence-transformers
triton==3.7.1
    # via torch
typer==0.27.1
    # via transformers
typing-extensions==4.16.0
    # via
    #   aiohttp
    #   aiosignal
    #   anyio
    #   huggingface-hub
    #   sentence-transformers
    #   torch
urllib3==2.7.0
    # via requests
xxhash==3.8.1
    # via
    #   datasets
    #   evaluate
yarl==1.24.5
    # via aiohttp
