# This file was autogenerated by uv via the following command:
#    bash scripts/compile_python_locks.sh (uv 0.11.33; CPython 3.11.15; x86_64-unknown-linux-gnu; https://pypi.org/simple; exclude-newer 2026-08-08T00:00:00Z)
--index-url https://pypi.org/simple

absl-py==2.5.0 \
    --hash=sha256:0c996f25c0490700fadabe6351630f6111534fa0ae252cc6d2014ea3b141135f \
    --hash=sha256:0f17b89f2a4eaaedc4f28c622998aa690564b3012a396a4ffad0821007fe03ba
    # via rouge-score
aioquic==1.3.0 \
    --hash=sha256:019b16580d53541b5d77b4a44a61966921156554fad2536d74895713c800caa5 \
    --hash=sha256:0538acdfbf839d87b175676664737c248cd51f1a2295c5fef8e131ddde478a86 \
    --hash=sha256:28d070b2183e3e79afa9d4e7bd558960d0d53aeb98bc0cf0a358b279ba797c92 \
    --hash=sha256:2d7957ba14a6c5efcc14fdc685ccda7ecf0ad048c410a2bdcad1b63bf9527e8e \
    --hash=sha256:396e5f53f6ddb27713d9b5bb11d8f0f842e42857b7e671c5ae203bf618528550 \
    --hash=sha256:4098afc6337adf19bdb54474f6c37983988e7bfa407892a277259c32eb664b00 \
    --hash=sha256:48292279a248422b6289fffd82159eba8d8b35ff4b1f660b9f74ff85e10ca265 \
    --hash=sha256:48590fa38ec13f01a3d4e44fb3cfd373661094c9c7248f3c54d2d9512b6c3469 \
    --hash=sha256:59da070ff0f55a54f5623c9190dbc86638daa0bcf84bbdb11ebe507abc641435 \
    --hash=sha256:9d15a89213d38cbc4679990fa5151af8ea02655a1d6ce5ec972b0a6af74d5f1c \
    --hash=sha256:a8881239801279188e33ced6f9849cedf033325a48a6f44d7e55e583abc555a3 \
    --hash=sha256:ba30016244e45d9222fdd1fbd4e8b0e5f6811e81a5d0643475ad7024a537274a
    # via -r traffic_experiment/requirements-runner.txt
anyio==4.14.2 \
    --hash=sha256:9f505dda5ac9f0c8309b5e8bd445a8c2bf7246f3ce950121e45ea15bc41d1494 \
    --hash=sha256:cfa139f3ed1a23ee8f88a145ddb5ac7605b8bbfd8592baacd7ce3d8bb4313c7f
    # via httpx
attrs==26.1.0 \
    --hash=sha256:c647aa4a12dfbad9333ca4e71fe62ddc36f4e63b2d260a37a8b83d2f043ac309 \
    --hash=sha256:d03ceb89cb322a8fd706d4fb91940737b6642aa36998fe130a9bc96c985eff32
    # via service-identity
certifi==2026.7.22 \
    --hash=sha256:62f22742b58a1a33014a2b6b706588a8d7e2a88ae7bd1a6ebe8c992928483775 \
    --hash=sha256:741e2c3b351ddf169a738da9f2c048608ff7f2c5cc02f1ebc6b118bb090d5d55
    # via
    #   aioquic
    #   httpcore
    #   httpx
cffi==2.1.1 \
    --hash=sha256:046bfc24911b37851ee1b51aab8bffe713d89c68c6a057b09484ce9fd5f69b4e \
    --hash=sha256:06c72bb76605a4b0cd0aad6930b69d4baf7dd5d806cfc409b824191099700e66 \
    --hash=sha256:0beceaabe56af686895136a2de78db54ecd8e4046b236b8fd6d6cb61389e9bf2 \
    --hash=sha256:154852545011f779917b11c78db2358d095da62a9a172b78ad0a583ee5adc0d0 \
    --hash=sha256:194cffa889098ced9976c3fc6340305e43f6303657d298da55366907c05c22d6 \
    --hash=sha256:19ee6127ee34de7d83ce3d371ebc5ed91addbdcc39f9ab15ce4eb35a4e534971 \
    --hash=sha256:1a18a57b58cfb21fc28d72e876acf10eaed67a1ed96226f92af4df681d571c4c \
    --hash=sha256:1aa5645c30469b09530c4ebca77ebf8f17618293c58f8549cb1a543a50236e7d \
    --hash=sha256:1dea0e4d7d4f11f619fe8c1d76caf49e24405b4b5743c0e3be16a500ecd930c9 \
    --hash=sha256:208f941bb9d18e768138677f0a6d2ce01f590df56043dda1df1535ac57c88517 \
    --hash=sha256:210019b6c7cf07f081b4c54635c8cf744377001350e29cc0f81c4377b4797735 \
    --hash=sha256:246fa40ce8645a614ff682e0b70f37134e460eaf93a775e0cbe3cca585a67a80 \
    --hash=sha256:25792eac27877609e7bb06d42ff88278a6624fff2ba9bbb523c09616b117e80f \
    --hash=sha256:27350daa11d4f10c540e6e89dada4c54feb7256ad03e9a4dc075ebad7ba360d1 \
    --hash=sha256:28907ab9bfb6aa13184cfc17c6b8e1023c5ab6fd7076d8c20a35e59fe04f8f29 \
    --hash=sha256:2ae64be792b8966f2c69538199728b290e34726562896df1e5dc8ffd8d8188e8 \
    --hash=sha256:31348097ff5bbe827ccc41795d4dd099d9f0625e7def00ee653c137a490c2a6c \
    --hash=sha256:3143d81e29e1e20a9ce10901ec369012947876596f75a222235965f2b7ae832e \
    --hash=sha256:3222ba5d678f80a030e6afbcc33dc1ae5cb45facabb61cee2c7016b8432fde48 \
    --hash=sha256:3311ed60d36f83378794e1009ac6258bafbf81f7888b4caa7b35a521e3f95813 \
    --hash=sha256:334644fbac4eff73d985a17a91226df55d0f394160c4cfb880e084c8f7161cac \
    --hash=sha256:34e261f78cb6ceaaa36f42f2613f4380d94d9c759a9c73c769ee6e0247364632 \
    --hash=sha256:363e05fa78e15116c3c32c210ee36884fd6b9afa6d440e47112c3bd511d64cb6 \
    --hash=sha256:398aff33cee2767e3e781d2554c54bd0dff386bb437581e0d8011fde1a942ec1 \
    --hash=sha256:3d22a20b1fb1632cc72c22f95f7b0d2961c3e1c235f245ba4c606c4771035659 \
    --hash=sha256:42a494cee34437f05546455144f2b5d9ac09b1face62bcfce597d2e521066688 \
    --hash=sha256:42e2f76b9455f5a9a844f770bf3e200ed3da0e15f5df3db9c31fe80b04b3d004 \
    --hash=sha256:42f6930c31dc7f50732c9ae793c2786c7b6b044195967bbdde40bb9be81c4cc0 \
    --hash=sha256:456a61fa52d579ebf9df2e9552ead5129855dbaff6c1e5a9b1bc408809bdc062 \
    --hash=sha256:471cee653ae88de62096552e6d24ccb4a5adb8c8c9f10b5054d0122c15bf2779 \
    --hash=sha256:49cbc70e6542d4ccccb936558d1064a8012541e78f821f955cff24e357776c94 \
    --hash=sha256:4a7c934f7360e8cd64fe9efadcbd10c7c6364f531e432b9a4bf5ccbc9e0e8b50 \
    --hash=sha256:4be96343e422f2dfcd12ab5c9f5aebe03f82f737c6bffeca6830b3875cb44aab \
    --hash=sha256:4f42141fc14250de6dde5ee7ea4432be017252d91f19c5ad043c084cea629cac \
    --hash=sha256:507a24c282e0f42f8ed737cf048572cbf580468da5555764a8331735e9c736b6 \
    --hash=sha256:51b31d1c98274844cfd7838ce00bfc27c7423a4dc00fc0772fc3331c2cc90676 \
    --hash=sha256:58acb8ab8e295e6c5ea12f888cbb13cf21511ef2a3303a23f4325c29d17fe5c1 \
    --hash=sha256:5a59cc1c4442bc3d5c703bf720b51138d0bfc173618807c9ee2490a7541dd3d9 \
    --hash=sha256:5bb4e7ea95dcd6a014a6fef62e62467d67d8e582326443f3d68e71d6320a9fcf \
    --hash=sha256:5c58fe613dc5e5336357eff555824a314d8e43282600435c8d1cb6a7a2fedd13 \
    --hash=sha256:5e7cecbaadb83884793e05828cee59b210b24583b9c7425d0ba6a754fe22eb4e \
    --hash=sha256:616f097f2fe415bc92a247f02e11f634e1f9e9a83d327e3c915c15089c87869e \
    --hash=sha256:63bbfd5ded17c4840ac07cd8f1c21ba9d9708141f840b324f422f41b207e3973 \
    --hash=sha256:64faea20f4e2613363a1a9b9c7dd73058f3ecd00133a511e72ad7c511658f527 \
    --hash=sha256:661c298b4821edebead0c91edd2b00374d67ad7c5a1f7a91d4442633b79d6a72 \
    --hash=sha256:68e62fe11f30d5ca8289242866f0a5291402d8529ca2178ab8afc5c9694ae890 \
    --hash=sha256:6a8dddef476fab96d066d578fc88526767b836ab5ab21754e1d5bf3879c31c7c \
    --hash=sha256:6e192623c49c94421616a5778fba35cf0d5a8d000650c1967ef4448ee5cdd990 \
    --hash=sha256:7225e4514edb64eb6740324353e0da0711954fd8d7da4576755b1c6e09b697cd \
    --hash=sha256:75f80557d1389eddbd0de2681f6a390a0c5338c31ddaa821381c203fc3fd50d9 \
    --hash=sha256:770de9db11e84213beec501cfcaa013b019820ca881e03344dea5844f7876d94 \
    --hash=sha256:7750c6449dff7864bb9bb27ddfb0267756189201a3afc911d82b3caacd70dfc3 \
    --hash=sha256:7bde5e4cc5c10140859842b9d383af292b22639a4dffb725314baf45968cef80 \
    --hash=sha256:7ce713ace7c0e4520535b42b77eaa742c16dab813978064913e5a3cf82973b41 \
    --hash=sha256:7da0c5eff80f0197f3b3d1232ec5a682a9325f4ae9016a78f5f5ca35f9ced1f5 \
    --hash=sha256:7dbb61fe3a7699468030f71bbe5f8a0e326a151daa91beb11a6fc1f980c55e1c \
    --hash=sha256:811bd1e21d32de12efca32393a0ab3f5133b54fce9bd44b8bd77ab07da14bf6a \
    --hash=sha256:8ef53b2de9bcb9197d31854256575d59dbac0cba72ac627bb291ef5eceb74be4 \
    --hash=sha256:937c0052c05a31ca1daf18de3158eed4dbfcb9cc107adbea227728d647be701e \
    --hash=sha256:9d2055050ea716bd38b7f7f1579c275386646b4894c155a3e2f3cd62ed41b7c6 \
    --hash=sha256:9f8d177621de5cb38ee3e731eda45d421db093ec0739f46a5594babda7987a98 \
    --hash=sha256:a2d7755bef5a12ed488f4ef1f1b69ee9191d7396083b755a5d2295f6edb4768b \
    --hash=sha256:a48d62ab9d6f4f98c983223a547af44be6ca3691074c31cecced6facd3ba2dc1 \
    --hash=sha256:a4f00aa42f75d6e4595e8866e748cc1705adc0cddfeb2ca86d0d03993d63ba03 \
    --hash=sha256:a6e721d4b0e45d5b65e87534470e67b18dcd092c83f68fba09f152b9cbc061af \
    --hash=sha256:a730a083190634c65cca36ba5f489531576ebd79bcd5c8e172130f6453127231 \
    --hash=sha256:a931079504ecc49efed7744c476a5c343a92fabf66dec2db95edb1b2fdc770e2 \
    --hash=sha256:aa9511c62d14da7aacc9b4bf51f3f697a621e83b2d6919008243c3aad168eea3 \
    --hash=sha256:ab36d55f9ed2d067327667c2fea18dda018eb628dd6347aa01dda6cf1f5d3836 \
    --hash=sha256:ad2c86c495b899d862ea0f4b42891b8713a3bd45dd4105c7fd51c2a72f39f3a5 \
    --hash=sha256:aeae0e330c9f6acd681f647d46cefd30c29f93e3392882e792e82080c9691399 \
    --hash=sha256:b0431303acaea1089ad4b3e9ce4e6518193def1118d4073ca848635ee4ea2e96 \
    --hash=sha256:b5bdfd1c873d4e093aabc0ca84c4ca6dbc4f752afb5c86f146d9742580c9da2e \
    --hash=sha256:baed1e86cc735622097354b9d1281406caf42ff42a886d29faa8e8d1630333be \
    --hash=sha256:c1453022f490d2459a11819d83ad1d586e9ff65a12ac3e705ffebd46d3685dcf \
    --hash=sha256:c26608d2222fb1e94487e4a387d85f13eb55d5ed725cb25a0c589ac4ee60e7bc \
    --hash=sha256:c7659f22557c5a0bc4855cd635f55edec690cc008a40768527762cb9fb263455 \
    --hash=sha256:c8c69575568085ba0b1b10c0249d779a214aea6f6522e949a0fc9fb0fcb449d0 \
    --hash=sha256:c8d2c9fd1f2d16f780d15127abb050d13d1a76c03a4bd87d7e4980e45e511e12 \
    --hash=sha256:ca82be1a1d406ecfe1d25dc16cb33488e5a16bf4438c9fb590484ea29d92478b \
    --hash=sha256:cc572dace3f60ef98d7b12ff411d20f5362feb31a0439eab0085bbfd349982d7 \
    --hash=sha256:d18e5ac0f2f03f4f518d3e23db0f0cad7faa1da8620e9c09461d443bbf6e6692 \
    --hash=sha256:d28630f5854ab07ab1fd4aba756de52326c82e6be15d414b12793f1975048b54 \
    --hash=sha256:d9c275eaacd24aa73f94ffd6de08fc3f932424d8b6c376f4bed7cde376fe7bc3 \
    --hash=sha256:da0e573f9f97159390c89d9f1a9e41908b66d408cc5b58d08cf3847d844c531b \
    --hash=sha256:dd31f52ea1086513bb9df30f8fcee9b8918323ae067a3d5b78bc826a000712be \
    --hash=sha256:dddad92b554513a31f272570678ba307fb9f618f05e3d4a5eacafff9eae03e1d \
    --hash=sha256:df423d40ee8654634421812bc3b196da3f9bd7d32929da813f8394c4348a5358 \
    --hash=sha256:df913725b79db7bcf03448f36b7bf8815363417d5b58deecf9305e3e30f0f21a \
    --hash=sha256:e0bcb7e0f677f543555d2adff3bf19c05f66cdb4796e5ff602442ab2fe3c4ef7 \
    --hash=sha256:e2d65b31f36619cda3999b78b2aa9632e76b78448e7a56fc4240824200e7c4fc \
    --hash=sha256:e6e8cff14d6fb0be70a09c0bdc58096f501952d04624ebf867e0e56da2df8960 \
    --hash=sha256:f16c709686a78c727bbbf059f92b0bf41c6fc60deec706d2dc19f529175a6125 \
    --hash=sha256:f24fb43132a4c6b4cb4eb029492919b2db645be6808d738f244fd146c03c32cb \
    --hash=sha256:f53e442b08449d42821fa4a4fba000095af9f62742a500f978a9f557ec44339a \
    --hash=sha256:f5cfbc5fe74540d335175b656c725d74d90e3730c626d92575eea35029d9afaa \
    --hash=sha256:f81b3b8f3d4e343550fa4baa0e479bba9f2d29ce9c2e9b51d1ce1718d7442fcf \
    --hash=sha256:f8ec5e643a9a937f64e1999eb9f75d072263751912dc5cd06d3c85f8f44be7c3 \
    --hash=sha256:fb92203a88b3d3053034db775110081c49d28be6551923805e039924093761e4 \
    --hash=sha256:fcd22650c908d7b7da162bbfaab594a1227a15d1643a98c68b122ac642fa2264
    # via cryptography
click==8.4.2 \
    --hash=sha256:9a6cea6e60b17ebe0a44c5cc636d94f09bd66142c1cd7d8b4cd731c4917a15f6 \
    --hash=sha256:e6f9f66136c816745b9d65817da91d61d957fb16e02e4dcd0552553c5a197b76
    # via nltk
cryptography==50.0.0 \
    --hash=sha256:031e2d5dd4bb9caa3ca9c82e5a197fd8ae680232cee62603d1a813f3f07e3d03 \
    --hash=sha256:06a32a980526a6ab9a4b9bf8f7385800791e2bb960903cb6b530e4817509a3b7 \
    --hash=sha256:07479a1cb08219ab719147e742e76090c9c773321959bb94946fffdd397a6437 \
    --hash=sha256:07949c449a1abcf60d1ee6e88956d89404c7df3c8258f46589e912988e551987 \
    --hash=sha256:105110f43a471dbd0060b9c9516cb8a6a79233631a04cc2ba16f28323ac6e025 \
    --hash=sha256:11b74db56cdbe3cdee6e3f6982ecb70334fa10dce99ed58bf7894aaaa3b2a037 \
    --hash=sha256:12b9c6996425c76ea6c457ace4f3073e715b8c545add07cd1a8f3a4f90691269 \
    --hash=sha256:1489e263a8048bb8b6a8bac662eb2d402ea5d2b7b4699b72f385f1e2772db105 \
    --hash=sha256:19736989797678c6af1e55cd49055cdbcb55d8f6b5583ac5335f933aba9101dc \
    --hash=sha256:1b4a266766514614f8aa60416e71f2fc6e575d36e7bdc90f644fadb2f4b75b95 \
    --hash=sha256:2a8183b489dc1f7f80f135780fadc1108f14b31b8a40411c7a5b17425f65f28b \
    --hash=sha256:37fdb0d0111f1e2ff07139dfb79f1b49531f8e213c46f1163dd7642979b58c47 \
    --hash=sha256:3f5735ffe4996d28b809371756219f5354864902a3b9e7c0b9ee87041209fc9c \
    --hash=sha256:49e7d93abdbd2990caced757e5fade25302f719c3c8fb6e6fff2dde98999fc41 \
    --hash=sha256:5e34edd123674534acd70147f0ca331eaa2c74e6325fb2028c886aa26ba0b68c \
    --hash=sha256:62598a8a57f815db4c6259a4e97d857dab56697e7de8e8ab02352ab74da1995d \
    --hash=sha256:65c2c3add92b45fd0709db8594536aea39c2a67af0e27ffcf049c498501140b7 \
    --hash=sha256:6ba6a53445bd3cfa809ef3ef5f1589aa6ba08784a1d962bf47d0940e871dab1c \
    --hash=sha256:6e7d61120573a7f2cd94cc095f9e81f6967c61ccdf194285aa143ecec8e0b708 \
    --hash=sha256:7cec5b856506da6defb290f30c9ee687d5f5e8cb0bd3f6459dde43b0b4fa40ef \
    --hash=sha256:80b63928fa35083b33966ce1efb70e5b9607181e49dcd1c22c8c005e319f667f \
    --hash=sha256:82148ec5bddac30b51a5b3c1945075f896fa022cb93f8e4a01e9f6ee95292c5f \
    --hash=sha256:828743d939e9629bc267b8e2d08d8bb67cd4319c771a33d4b18b22dd8fb7440a \
    --hash=sha256:8d89f3976b10b4ce31118de72329025f70d2c6ead14a8217c5514dd2c6d5a78f \
    --hash=sha256:8eb5e1172eb569ea8a872796576e6a67c276351728b6455d5beb01242b027c6a \
    --hash=sha256:900131fafd8aead39ac7dd3a7e833be754c17a95cfd91221636949fe4eb0aa8a \
    --hash=sha256:910d11e1a385c654bf738bf3e6b8e6ed5de0f5610fcae2be9e5b398d8081d20e \
    --hash=sha256:910e1d2668e7de9648f2bcee30e180db2a6b15c30f887d7c4c93ddf96e3992e3 \
    --hash=sha256:9aa87839c383bdbab6ef865787a1fb877af8dd03464c4400322726feaaadfc6d \
    --hash=sha256:a1b30560f2acc95aa8b2e06e716a13dbfc97314747b80d9707e307f77b40d6b3 \
    --hash=sha256:a91296cb61e8df6f86d0c19cc4068228da256bf59bf86049fbd821084565327f \
    --hash=sha256:b42a28c1844fd9de8f3f7d540e36b66f3a9c83fceac7170ebc7a6a19edd9dcae \
    --hash=sha256:bd1c592e4d5974f0d08d4888e432157adba757c66da0246918e43677fafa2d30 \
    --hash=sha256:c87f62a3d3b9888ed0fdde100ec06aa61ca9cd44bad9057d1dff9a516b5f5bb9 \
    --hash=sha256:c99c003e088647b8a5b7c145d6f78c335f6348332b62e142d411c4b63d1460b9 \
    --hash=sha256:ccdc4a71a4dabae05de219404f9f4abc38e3b58422177ff93d0da05967dafa07 \
    --hash=sha256:d24fead1d4d076e1bfb006dcec392074a3cd8d7b4fc8a595aa64073b2b7a96ba \
    --hash=sha256:d58c3db7cd6eed54e6c06744db55456b65ebd7492ddeae9c1e93cfca7aa857d3 \
    --hash=sha256:d764dcf130c428ef66786f866dd750f53182bc608813489915e9fc106bb0c82f \
    --hash=sha256:df2a58a472f332225671c35b0a830208b86d004f82baa8530fa3782c85646533 \
    --hash=sha256:e722f16708d854fe924790e051061f6704a472c3bac347b6fd88033ea8dd0dc5 \
    --hash=sha256:ecfed7367f965a0328cfbdd70da860f15441f002f613185668c6e6ebf5a0ac11 \
    --hash=sha256:eeac2acb5a20ed25e0ad6d1df9891a520b78b404266b6d11778f25d5d691a6c9 \
    --hash=sha256:f59e38625469987d7ef6d495323c55e7db6c212eaf6112267e0d3b565a2e9c9f \
    --hash=sha256:f89831ef99dd7dd169ab06d63a831adb9e20a87aac6d380266bbda5823349169 \
    --hash=sha256:fd9192b7b70c573d7f214eb1ae35e00d359f6f5e4b27c7e21e30de1fc6204645
    # via
    #   aioquic
    #   pyopenssl
    #   service-identity
defusedxml==0.7.1 \
    --hash=sha256:1bb3032db185915b62d7c6209c5a8792be6a32ab2fedacc84e01b52c51aa3e69 \
    --hash=sha256:a352e7e428770286cc899e2542b6cdaedb2b4953ff269a210103ec58f6198a61
    # via nltk
h11==0.16.0 \
    --hash=sha256:4e35b956cf45792e4caa5885e69fba00bdbc6ffafbfa020300e549b208ee5ff1 \
    --hash=sha256:63cf8bbe7522de3bf65932fda1d9c2772064ffb3dae62d55932da54b31cb6c86
    # via httpcore
httpcore==1.0.9 \
    --hash=sha256:2d400746a40668fc9dec9810239072b40b4484b640a8c38fd654a024c7a1bf55 \
    --hash=sha256:6e34463af53fd2ab5d807f399a9b45ea31c3dfa2276f15a2c3f00afff6e176e8
    # via httpx
httpx==0.28.1 \
    --hash=sha256:75e98c5f16b0f35b567856f597f06ff2270a374470a5c2392242528e3e3e42fc \
    --hash=sha256:d909fcccc110f8c7faf814ca82a9a4d816bc5a6dbfea25d6591d6985b8ba59ad
    # via -r traffic_experiment/requirements-runner.txt
idna==3.18 \
    --hash=sha256:7f952cbe720b688055e3f87de14f5c3e5fdaa8bc3928985c4077ca689de849a2 \
    --hash=sha256:ffb385a7e039654cef1ab9ef32c6fafe283c0c0467bba1d9029738ce4a14a848
    # via
    #   anyio
    #   httpx
iniconfig==2.3.0 \
    --hash=sha256:c76315c77db068650d49c5b56314774a7804df16fee4402c1f19d6d15d8c4730 \
    --hash=sha256:f631c04d2c48c52b84d0d0549c99ff3859c98df65b3101406327ecc7d53fbf12
    # via pytest
joblib==1.5.3 \
    --hash=sha256:5fc3c5039fc5ca8c0276333a188bbd59d6b7ab37fe6632daa76bc7f9ec18e713 \
    --hash=sha256:8561a3269e6801106863fd0d6d84bb737be9e7631e33aaed3fb9ce5953688da3
    # via nltk
nltk==3.10.2 \
    --hash=sha256:2c7ccacb765c5e26b0cb60fb1b57080af522c6924d12a714a243305ba3637412 \
    --hash=sha256:fcfd80fb77931868cea8357573c79838b8abc609942ef9914d1c9f6070d4645c
    # via rouge-score
numpy==2.4.6 \
    --hash=sha256:001fbb8e08d942dd57599e781f2472269ee7f2755fae407b4f67b2f0b17da3f1 \
    --hash=sha256:0280e0356c0829a18d9de1cb7eee50ec22ca639878d7240307ca0943d73cd2c4 \
    --hash=sha256:043191bfa8eab18c776647b62723ac9dddece59743b13f49b2016094129c2b3f \
    --hash=sha256:06ca2f61ec4385a07a6977c55ba998a4466c123642b4a32694d3128fce18c079 \
    --hash=sha256:0a041d3d761dc3c35cc56ce0351506a02bcbc25f7b169f652435141a17db9096 \
    --hash=sha256:0ab0a9c4ffb1a6d95ef519fe4247dba8eb6b18ad93999f76b7f657039acabd47 \
    --hash=sha256:0c9136e14ed34a9e343a31c533d78a9813a69a3148332bce5e9821cb2f996e66 \
    --hash=sha256:110f8b71aacb688ec69062bb7f6938a0f8acb01b7c1c4beb453c65b6d234584d \
    --hash=sha256:112b06a867b235ef466ed3508ddf0238050df9c727cafb5301ac385b899189a1 \
    --hash=sha256:17f9ade344e7d9b464a084d69bcf18fc691cb1db67c62ed80820bf4926d78f0e \
    --hash=sha256:1e254a00cdf42b1e4d5b3d68d33af63268d41340d8885df2ab6470f2e1500147 \
    --hash=sha256:1e978ec1e8bd0e0e4de6bb75de9d30cbb74db6b6a2bb727618613703ca0167dd \
    --hash=sha256:25c692919ac5a01f170a3bfcd62d745b24fd095c353d50812637d6fcab442e75 \
    --hash=sha256:260a5d70215b61ab4fadf5c7baacd64821842975eea312125ed3c39a6391b063 \
    --hash=sha256:2803abfebfc990042cd494d8ce2d5f82e9d847af6d35ec486923aa19dbad5e73 \
    --hash=sha256:29a287e0cf63ff528da061de6b9f64a4618da591ca1046aafc54062e40ca7eab \
    --hash=sha256:29cb7f67d10b479ff07c17d33e39f78c07f71c40ef30d63c153d340e96cd3fb4 \
    --hash=sha256:3213d622a0283a39a93d188f3cf72b26862df52fbb4ca3697f51705016523d41 \
    --hash=sha256:33111801a01c12a8a1e3721f0a9232f8cfc8ae2c6b7098167e6f623c6073f402 \
    --hash=sha256:357cc07a6d7b0b182ff02249616a03742827ebb1277546b5c7cd7f7620a45698 \
    --hash=sha256:38efbc8de75c7a0fc1ac190162d892787f3f47b57cc291231aafee36b80982b7 \
    --hash=sha256:4081eb135ac24158bd51cdfbef16f1c64df7063b1143f24731387137c092bec8 \
    --hash=sha256:40fdc1ae7125e518ea98e53e69a4ebc27e1fd50510c47b7ea130cf21e5e1d42b \
    --hash=sha256:4cfe66903cc32a9921a6733d96b19bb6abf310397581bbad89c228f5abaf0ee8 \
    --hash=sha256:511dbaf848decaaaf4b4ca48032619fb3138710c4bf7da7617765edad1ef96b0 \
    --hash=sha256:55cced7c52e981362f708ad635198e97a752dfba412cc03c23bbf3bd8d5cd662 \
    --hash=sha256:56b39e5e0622a09a25bf5baf62f4bcf0cb8a41ae6e2819cf49bbc5a74c083f91 \
    --hash=sha256:5dbbdb29840ca3d91ee0fece42fc29278886d908280bfec0a5846c6f901a3eb0 \
    --hash=sha256:5f9fb9157b4ce2971008323afe46053787b526ef624fea915b261468a8421a0f \
    --hash=sha256:6180d8b35af935aed8ece3a85e0a43f87393ae0ac87c8d2c8bd2c993f7270ef3 \
    --hash=sha256:68a5124b13fa6cc2086764a20005d30bc0548146f7f5322f02fce212ca14317f \
    --hash=sha256:68bb27509ac1b9a3443094260f6326150663b06abe40b73a2f81160623da5b67 \
    --hash=sha256:6f41ae150c4e32db4f3310cdaf64b1593a03dbabe29eec77fc9b50fe64061df6 \
    --hash=sha256:7265a2f3d436e54ef9f2b52b5c937e6be778781bd97a590319d7348f1c1ca997 \
    --hash=sha256:72fbe16c6fac95aedf5937fa873445cec2110be35d8a4e9433d7501fd98dae6b \
    --hash=sha256:7d92c3819208a60205a12a245c91ad70cb0a85336659b19b834205573ac8456e \
    --hash=sha256:8155154c7c691289fe18f510b5d4657c68c67989f293f0535a91360392ff6538 \
    --hash=sha256:81a1cca95ed5bb92aa8b10dd2cdc9a0d3853a50fad926c28b5d7e8ea54389627 \
    --hash=sha256:89cd468399cfd2504718f0ba50e410dca55a170b61a02ad92bb18c8a65186e93 \
    --hash=sha256:8ad03c0965fb3c692200e74d458ca28c1dbb4ce96f9a479a8aa041ad5fabca02 \
    --hash=sha256:90f9849678c75fe7afa2d348ac842c168b0a4d3d61919687216dfc547976d853 \
    --hash=sha256:948424b06129ce883307e8cff868c31396d8dc7630a59c61d70d98dbe70f222c \
    --hash=sha256:9cd5ffd25db4e7ba6a375693b3fc0fc1791ec636c17db3720da19bde7180ec43 \
    --hash=sha256:a0df0043bdb289bde1f62da130d20df23d58b45429f752bc7a8fc5325a225ecd \
    --hash=sha256:a2c306dea656c12c68f51f4cea133cbe78ca7435eb28c735eac1d3ebe73be6e8 \
    --hash=sha256:a7830bab239b79cda9c08c2da014761cafb48da6150e1da17ac06283f43b6089 \
    --hash=sha256:a7c711e21628b52034bb5ab8d1bce291f752fcc5e92accc615778acee1ff4778 \
    --hash=sha256:aaf159caa35993cb1f56fb9b8e4610d35758e7ca005412eb1daa856a78c9c4b1 \
    --hash=sha256:ae506e6902902557576a26ff33eda8695e7ecb3cb36c3b573a0765dee114ebdb \
    --hash=sha256:b507f5c4c1d508876d1819b6bf9a49d365b96320b5d4993426b33a23ca4b8261 \
    --hash=sha256:bf162abab1c1a736333192707cef898e735a5ca00f38f27eeedf44b39d9e85eb \
    --hash=sha256:c1a2af6c6ef86344a6b0db6b97834208bf598db514f2b155042439b62605601a \
    --hash=sha256:c2d37ab77531417474168eb79d6d80b14f821a966818505d03013d0833edb7a8 \
    --hash=sha256:c4fc99836233ea196540b17ab0983aff60ed07941751930f5f4d05bc3b3b7359 \
    --hash=sha256:d581b735e177fdcdce6fed8e7e8880a3fb6ee4e3653a3ac6af01c6f4c03effc5 \
    --hash=sha256:d6da64deb6b8ed903e7560180a92f2d804ee1ba5eeb849ac2748b8c1aba1f6d7 \
    --hash=sha256:d8e8286dd7cea7895157318d1b91cdacac64c479f3cbc8dce548331728484751 \
    --hash=sha256:ddea102b48f9e339f3948bf22040944184627a30fdf7f858667673b9c5f033c8 \
    --hash=sha256:dfa20cc6ca228e6b155b11da03825975ce66aea520985dbbddf0f2a5a495c605 \
    --hash=sha256:e3e5193ef5a3dc73bceee50f7fdc2c90dbb76c42df8d8fae3d1067a583df579e \
    --hash=sha256:e3eeb0aabd6bd5ce64faae67e9935203a6991b4bc2a485a767fbafb2c5125f45 \
    --hash=sha256:e5805d5a22fd19c8ccff10a9561f9df94436b0545619ea579db2d3c35294bce2 \
    --hash=sha256:e85b752a1e912b70eaad4fafbd4d1238007ab221de2009b9a2f5ae7461239895 \
    --hash=sha256:eaf7fa2de5c0be8ae6ff8e9bea2ccd725e980541244521d8d4b5f3354a27babe \
    --hash=sha256:ebfb099f8dcf083deef3ac1ca4c1503f387cf76296fcb3816b66f5ecb5f54fdb \
    --hash=sha256:ece3d2cfe132e7d51f44a832b303895e6f2d499c5e74dfbdb06ee246147a304a \
    --hash=sha256:ed9749eef4cbd126da3dc1d6bcb3a57f5eb7ac6a6484146bdbf743f552dfc577 \
    --hash=sha256:ede83e07a75dd06bc501566c1eca2afc0d61677c1472ac9ad93fdee6e638a48d \
    --hash=sha256:ef4aea96ce4d3b074422cb4f2f64e216bf9e213004bb58ecfdf50ea02ea8eb9a \
    --hash=sha256:f3a3570c4a2a16746ac2c31a7c7c7b0c186b95ce902e33db6f28094ed7387dda \
    --hash=sha256:f407cb6b8e9d6d8c626bc73c945db1706035af8fd632295547bf1c9e46d092d6 \
    --hash=sha256:f74a575920ab21fe304421a3fc28793d82e299cae9eccb37084e9fc7f3617c20
    # via rouge-score
packaging==26.3 \
    --hash=sha256:94edc256424af38762eb31306eed28beb9f0efc50a8837492c9d6fd6004aed79 \
    --hash=sha256:d7193f7c8e4e93f444fde0262bf90af30e16fa0ad0ad44cb553c87339b23cd1c
    # via pytest
pluggy==1.6.0 \
    --hash=sha256:7dcc130b76258d33b90f61b658791dede3486c3e6bfb003ee5c9bfb396dd22f3 \
    --hash=sha256:e920276dd6813095e9377c0bc5566d94c932c33b27a3e3945d8389c374dd4746
    # via pytest
pycparser==3.0 \
    --hash=sha256:600f49d217304a5902ac3c37e1281c9fe94e4d0489de643a9504c5cdfdfc6b29 \
    --hash=sha256:b727414169a36b7d524c1c3e31839a521725078d7b2ff038656844266160a992
    # via cffi
pygments==2.20.0 \
    --hash=sha256:6757cd03768053ff99f3039c1a36d6c0aa0b263438fcab17520b30a303a82b5f \
    --hash=sha256:81a9e26dd42fd28a23a2d169d86d7ac03b46e2f8b59ed4698fb4785f946d0176
    # via pytest
pylsqpack==0.3.24 \
    --hash=sha256:23b4d8af48836893beac356c10ca268161953de5bf9ed691526a93f5c82433e9 \
    --hash=sha256:54978a9879471596d84bbad5e67d727014048926bc5bb2dac0eb3701b48c5ac9 \
    --hash=sha256:6024854eb16d32803d4890fb90a73b9348c74b61c0770680aefaaa75f8456e8c \
    --hash=sha256:8da12be7b35b7c9a8cf73a4c077f72e5022a311f80a401c79904213376f2d767 \
    --hash=sha256:8ec455f44614228f89e38d40c1b1e37895620e20ec6b21e3b562fa8b79a23890 \
    --hash=sha256:8edf48d0a023cd3629b2c4aaccac9b79a46d566c0f61e7416b5678228433763d \
    --hash=sha256:b6a8bb42127d5ece8d301a673c8205df25b73b69f8c46b9f0c3034588de1789a \
    --hash=sha256:c3e2327af25ee616ce4483a8748f0957cf017cbca82d58ed15efea68f70f94ff \
    --hash=sha256:caf63ddc2e581c764d17432893acce02c5c29ff879d77c2abf1e26aa4eeb831b \
    --hash=sha256:e3dc5f146fd456b50b227858aed59faa0ff8445aa426e69bb4e50d46c487aab0 \
    --hash=sha256:e3f977d419c60c1d6c2240e6d7a52df820d37eb8c36b4057113bcd7859f53e2c \
    --hash=sha256:e7d956dbc8f7d597b237b9157d0a16bc7c655a1b031239763c18dc8582aff8cc
    # via aioquic
pyopenssl==26.4.0 \
    --hash=sha256:28dfcce0162b9211413e26dfbfdf1d24317fbeba18fc93c12400a1856b2a0bc7 \
    --hash=sha256:f0eb0cb2d581d3ad2b9c489468485e7f2ab6727d08401bcf9d824c3caddf3c1c
    # via aioquic
pytest==8.4.2 \
    --hash=sha256:86c0d0b93306b961d58d62a4db4879f27fe25513d4b969df351abdddb3c30e01 \
    --hash=sha256:872f880de3fc3a5bdc88a11b39c9710c3497a547cfa9320bc3c5e62fbf272e79
    # via -r traffic_experiment/requirements-test.txt
pyyaml==6.0.3 \
    --hash=sha256:00c4bdeba853cc34e7dd471f16b4114f4162dc03e6b7afcc2128711f0eca823c \
    --hash=sha256:0150219816b6a1fa26fb4699fb7daa9caf09eb1999f3b70fb6e786805e80375a \
    --hash=sha256:02893d100e99e03eda1c8fd5c441d8c60103fd175728e23e431db1b589cf5ab3 \
    --hash=sha256:02ea2dfa234451bbb8772601d7b8e426c2bfa197136796224e50e35a78777956 \
    --hash=sha256:0f29edc409a6392443abf94b9cf89ce99889a1dd5376d94316ae5145dfedd5d6 \
    --hash=sha256:10892704fc220243f5305762e276552a0395f7beb4dbf9b14ec8fd43b57f126c \
    --hash=sha256:16249ee61e95f858e83976573de0f5b2893b3677ba71c9dd36b9cf8be9ac6d65 \
    --hash=sha256:1d37d57ad971609cf3c53ba6a7e365e40660e3be0e5175fa9f2365a379d6095a \
    --hash=sha256:1ebe39cb5fc479422b83de611d14e2c0d3bb2a18bbcb01f229ab3cfbd8fee7a0 \
    --hash=sha256:214ed4befebe12df36bcc8bc2b64b396ca31be9304b8f59e25c11cf94a4c033b \
    --hash=sha256:2283a07e2c21a2aa78d9c4442724ec1eb15f5e42a723b99cb3d822d48f5f7ad1 \
    --hash=sha256:22ba7cfcad58ef3ecddc7ed1db3409af68d023b7f940da23c6c2a1890976eda6 \
    --hash=sha256:27c0abcb4a5dac13684a37f76e701e054692a9b2d3064b70f5e4eb54810553d7 \
    --hash=sha256:28c8d926f98f432f88adc23edf2e6d4921ac26fb084b028c733d01868d19007e \
    --hash=sha256:2e71d11abed7344e42a8849600193d15b6def118602c4c176f748e4583246007 \
    --hash=sha256:34d5fcd24b8445fadc33f9cf348c1047101756fd760b4dacb5c3e99755703310 \
    --hash=sha256:37503bfbfc9d2c40b344d06b2199cf0e96e97957ab1c1b546fd4f87e53e5d3e4 \
    --hash=sha256:3c5677e12444c15717b902a5798264fa7909e41153cdf9ef7ad571b704a63dd9 \
    --hash=sha256:3ff07ec89bae51176c0549bc4c63aa6202991da2d9a6129d7aef7f1407d3f295 \
    --hash=sha256:41715c910c881bc081f1e8872880d3c650acf13dfa8214bad49ed4cede7c34ea \
    --hash=sha256:418cf3f2111bc80e0933b2cd8cd04f286338bb88bdc7bc8e6dd775ebde60b5e0 \
    --hash=sha256:44edc647873928551a01e7a563d7452ccdebee747728c1080d881d68af7b997e \
    --hash=sha256:4a2e8cebe2ff6ab7d1050ecd59c25d4c8bd7e6f400f5f82b96557ac0abafd0ac \
    --hash=sha256:4ad1906908f2f5ae4e5a8ddfce73c320c2a1429ec52eafd27138b7f1cbe341c9 \
    --hash=sha256:501a031947e3a9025ed4405a168e6ef5ae3126c59f90ce0cd6f2bfc477be31b7 \
    --hash=sha256:5190d403f121660ce8d1d2c1bb2ef1bd05b5f68533fc5c2ea899bd15f4399b35 \
    --hash=sha256:5498cd1645aa724a7c71c8f378eb29ebe23da2fc0d7a08071d89469bf1d2defb \
    --hash=sha256:5cf4e27da7e3fbed4d6c3d8e797387aaad68102272f8f9752883bc32d61cb87b \
    --hash=sha256:5e0b74767e5f8c593e8c9b5912019159ed0533c70051e9cce3e8b6aa699fcd69 \
    --hash=sha256:5ed875a24292240029e4483f9d4a4b8a1ae08843b9c54f43fcc11e404532a8a5 \
    --hash=sha256:5fcd34e47f6e0b794d17de1b4ff496c00986e1c83f7ab2fb8fcfe9616ff7477b \
    --hash=sha256:5fdec68f91a0c6739b380c83b951e2c72ac0197ace422360e6d5a959d8d97b2c \
    --hash=sha256:6344df0d5755a2c9a276d4473ae6b90647e216ab4757f8426893b5dd2ac3f369 \
    --hash=sha256:64386e5e707d03a7e172c0701abfb7e10f0fb753ee1d773128192742712a98fd \
    --hash=sha256:652cb6edd41e718550aad172851962662ff2681490a8a711af6a4d288dd96824 \
    --hash=sha256:66291b10affd76d76f54fad28e22e51719ef9ba22b29e1d7d03d6777a9174198 \
    --hash=sha256:66e1674c3ef6f541c35191caae2d429b967b99e02040f5ba928632d9a7f0f065 \
    --hash=sha256:6adc77889b628398debc7b65c073bcb99c4a0237b248cacaf3fe8a557563ef6c \
    --hash=sha256:79005a0d97d5ddabfeeea4cf676af11e647e41d81c9a7722a193022accdb6b7c \
    --hash=sha256:7c6610def4f163542a622a73fb39f534f8c101d690126992300bf3207eab9764 \
    --hash=sha256:7f047e29dcae44602496db43be01ad42fc6f1cc0d8cd6c83d342306c32270196 \
    --hash=sha256:8098f252adfa6c80ab48096053f512f2321f0b998f98150cea9bd23d83e1467b \
    --hash=sha256:850774a7879607d3a6f50d36d04f00ee69e7fc816450e5f7e58d7f17f1ae5c00 \
    --hash=sha256:8d1fab6bb153a416f9aeb4b8763bc0f22a5586065f86f7664fc23339fc1c1fac \
    --hash=sha256:8da9669d359f02c0b91ccc01cac4a67f16afec0dac22c2ad09f46bee0697eba8 \
    --hash=sha256:8dc52c23056b9ddd46818a57b78404882310fb473d63f17b07d5c40421e47f8e \
    --hash=sha256:9149cad251584d5fb4981be1ecde53a1ca46c891a79788c0df828d2f166bda28 \
    --hash=sha256:93dda82c9c22deb0a405ea4dc5f2d0cda384168e466364dec6255b293923b2f3 \
    --hash=sha256:96b533f0e99f6579b3d4d4995707cf36df9100d67e0c8303a0c55b27b5f99bc5 \
    --hash=sha256:9c57bb8c96f6d1808c030b1687b9b5fb476abaa47f0db9c0101f5e9f394e97f4 \
    --hash=sha256:9c7708761fccb9397fe64bbc0395abcae8c4bf7b0eac081e12b809bf47700d0b \
    --hash=sha256:9f3bfb4965eb874431221a3ff3fdcddc7e74e3b07799e0e84ca4a0f867d449bf \
    --hash=sha256:a33284e20b78bd4a18c8c2282d549d10bc8408a2a7ff57653c0cf0b9be0afce5 \
    --hash=sha256:a80cb027f6b349846a3bf6d73b5e95e782175e52f22108cfa17876aaeff93702 \
    --hash=sha256:b30236e45cf30d2b8e7b3e85881719e98507abed1011bf463a8fa23e9c3e98a8 \
    --hash=sha256:b3bc83488de33889877a0f2543ade9f70c67d66d9ebb4ac959502e12de895788 \
    --hash=sha256:b865addae83924361678b652338317d1bd7e79b1f4596f96b96c77a5a34b34da \
    --hash=sha256:b8bb0864c5a28024fac8a632c443c87c5aa6f215c0b126c449ae1a150412f31d \
    --hash=sha256:ba1cc08a7ccde2d2ec775841541641e4548226580ab850948cbfda66a1befcdc \
    --hash=sha256:bdb2c67c6c1390b63c6ff89f210c8fd09d9a1217a465701eac7316313c915e4c \
    --hash=sha256:c1ff362665ae507275af2853520967820d9124984e0f7466736aea23d8611fba \
    --hash=sha256:c2514fceb77bc5e7a2f7adfaa1feb2fb311607c9cb518dbc378688ec73d8292f \
    --hash=sha256:c3355370a2c156cffb25e876646f149d5d68f5e0a3ce86a5084dd0b64a994917 \
    --hash=sha256:c458b6d084f9b935061bc36216e8a69a7e293a2f1e68bf956dcd9e6cbcd143f5 \
    --hash=sha256:d0eae10f8159e8fdad514efdc92d74fd8d682c933a6dd088030f3834bc8e6b26 \
    --hash=sha256:d76623373421df22fb4cf8817020cbb7ef15c725b9d5e45f17e189bfc384190f \
    --hash=sha256:ebc55a14a21cb14062aa4162f906cd962b28e2e9ea38f9b4391244cd8de4ae0b \
    --hash=sha256:eda16858a3cab07b80edaf74336ece1f986ba330fdb8ee0d6c0d68fe82bc96be \
    --hash=sha256:ee2922902c45ae8ccada2c5b501ab86c36525b883eff4255313a253a3160861c \
    --hash=sha256:efd7b85f94a6f21e4932043973a7ba2613b059c4a000551892ac9f1d11f5baf3 \
    --hash=sha256:f7057c9a337546edc7973c0d3ba84ddcdf0daa14533c2065749c9075001090e6 \
    --hash=sha256:fa160448684b4e94d80416c0fa4aac48967a969efe22931448d853ada8baf926 \
    --hash=sha256:fc09d0aa354569bc501d4e787133afc08552722d3ab34836a80547331bb5d4a0
    # via -r traffic_experiment/requirements-runner.txt
regex==2026.7.19 \
    --hash=sha256:062f8cb7a9739c4835d22bd96f370c59aba89f257adcfa53be3cc209e08d3ae0 \
    --hash=sha256:064f1760a5a4ade65c5419be23e782f29147528e8a66e0c42dd4cedb8d4e9fc6 \
    --hash=sha256:09523a592938aa9f587fb74467c63ff0cf88fc3df14c82ab0f0517dcf76aaa62 \
    --hash=sha256:09d3007fc76249a83cdd33de160d50e6cb77f54e09d8fa9e7148e10607ce24af \
    --hash=sha256:09f3e5287f94f17b709dc9a9e70865855feee835c861613be144218ce4ca82cc \
    --hash=sha256:0c41c63992bf1874cebb6e7f56fd7d3c007924659a604ae3d90e427d40d4fd13 \
    --hash=sha256:0e9554c8785eac5cffe6300f69a91f58ba72bc88a5f8d661235ad7c6aa5b8ccd \
    --hash=sha256:1123ef4211d763ee771d47916a1596e2f4915794f7aabdc1adcb20e4249a6951 \
    --hash=sha256:15b364b9b98d6d2fe1a85034c23a3180ff913f46caddc3895f6fd65186255ccc \
    --hash=sha256:1649eb39fcc9ea80c4d2f110fde2b8ab2aef3877b98f02ab9b14e961f418c511 \
    --hash=sha256:17ed5692f6acc4183e98331101a5f9e4f64d72fe58b753da4d444a2c77d05b12 \
    --hash=sha256:199535629f25caf89698039af3d1ad5fcae7f933e2112c73f1cdf49165c99518 \
    --hash=sha256:1c398716054621aa300b3d411f467dda903806c5da0df6945ab73982b8d115db \
    --hash=sha256:1d3372064506b94dd2c67c845f2db8062e9e9ba84d04e33cb96d7d33c11fe1ae \
    --hash=sha256:1d58561843f0ff7dc78b4c28b5e2dc388f3eff94ebc8a232a3adba961fc00009 \
    --hash=sha256:1d793a7988e04fcb1e2e135567443d82173225d657419ec09414a9b5a145b986 \
    --hash=sha256:1ebac3474b8589fce2f9b225b650afd61448f7c73a5d0255a10cc6366471aed1 \
    --hash=sha256:20568e182eb82d39a6bf7cff3fd58566f14c75c6f74b2c8c96537eecf9010e3a \
    --hash=sha256:22a992de9a0d91bda927bf02b94351d737a0302905432c88a53de7c4b9ce62e2 \
    --hash=sha256:2955907b7157a6660f27079edf7e0229e9c9c5325c77a2ef6a890cba91efa6f0 \
    --hash=sha256:2c4e61e2e1be56f63ec3cc618aa9e0de81ef6f43d177205451840022e24f5b78 \
    --hash=sha256:2cc3460cedf7579948486eab03bc9ad7089df4d7281c0f47f4afe03e8d13f02d \
    --hash=sha256:2ce9e679f776649746729b6c86382da519ef649c8e34cc41df0d2e5e0f6c36d4 \
    --hash=sha256:2ef7eeb108c47ce7bcc9513e51bcb1bf57e8f483d52fce68a8642e3527141ae0 \
    --hash=sha256:3080a7fd38ef049bd489e01c970c97dd84ff446a885b0f1f6b26d9b1ad13ce11 \
    --hash=sha256:343a4504e3fb688c47cad451221ca5d4814f42b1e16c0065bde9cbf7f473bd52 \
    --hash=sha256:36aacfb15faaff3ced55afbf35ec72f50d4aee22082c4f7fe0573a33e2fca92e \
    --hash=sha256:3d3143f159261b1ce5b24c261c590e5913370c3200c5e9ebbb92b5aa5e111902 \
    --hash=sha256:40b34dd88658e4fedd2fddbf0275ac970d00614b731357f425722a3ed1983d11 \
    --hash=sha256:4458124d71339f505bf1fb94f69fd1bb8fa9d2481eebfef27c10ef4f2b9e12f6 \
    --hash=sha256:4896db1f4ce0576765b8272aa922df324e0f5b9bb2c3d03044ff32a7234a9aba \
    --hash=sha256:4a0530bb1b8c1c985e7e2122e2b4d3aedd8a3c21c6bfddae6767c4405668b56e \
    --hash=sha256:4aa5435cdb3eb6f55fe98a171b05e3fbcd95fadaa4aa32acf62afd9b0cfdbcac \
    --hash=sha256:4c3501bfa814ab07b5580741f9bf78dfdfe146a04057f82df9e2402d2a975939 \
    --hash=sha256:4e5413bd5f13d3a4e3539ca98f70f75e7fca92518dd7f117f030ebedd10b60cb \
    --hash=sha256:4e6883a021db30511d9fb8cfb0f222ce1f2c369f7d4d8b0448f449a93ba0bdfc \
    --hash=sha256:52579c60a6078be70a0e49c81d6e56d677f34cd439af281a0083b8c7bc75c095 \
    --hash=sha256:555497390743af1a65045fa4527782d10ff5b88970359412baa4a1e628fe393b \
    --hash=sha256:56ad4d9f77df871a99e25c37091052a02528ec0eb059de928ee33956b854b45b \
    --hash=sha256:571fde9741eb0ccde23dd4e0c1d50fbae910e901fa7e629faf39b2dda740d220 \
    --hash=sha256:572fc57b0009c735ee56c175ea021b637a15551a312f56734277f923d6fd0f6c \
    --hash=sha256:59787bd5f8c70aa339084e961d2996b53fbdeab4d5393bba5c1fe1fc32e02bae \
    --hash=sha256:5a2721c8720e2cb3c209925dfb9200199b4b07361c9e01d321719404b21458b3 \
    --hash=sha256:5cc26a66e212fa5d6c6170c3a40d99d888db3020c6fdab1523250d4341382e44 \
    --hash=sha256:5ebee1ee89c39c953baac6924fcde08c5bb427c4057510862f9d7c7bdb3d8665 \
    --hash=sha256:60be8693a1dadc210bbcbc0db3e26da5f7d01d1d5a3da594e99b4fa42df404f5 \
    --hash=sha256:618a0aed532be87294c4477b0481f3aa0f1520f4014a4374dd4cf789b4cd2c97 \
    --hash=sha256:61bb1bd45520aacd56dd80943bd34991fb5350afdd1f36f2282230fd5154a218 \
    --hash=sha256:6383cd2ed53a646c659ba1fe65727db76437fdaa069e697a0b44a51d5843d864 \
    --hash=sha256:64729333167c2dcaaa56a331d40ee097bd9c5617ffd51dabb09eaddafb1b532e \
    --hash=sha256:64b6ca7391a1395c2638dd5c7456d67bea44fc6c5e8e92c5dc8aa6a8f23292b4 \
    --hash=sha256:65dcd28d3eba2ab7c2fd906485cc301392b47cc2234790d27d4e4814e02cdfda \
    --hash=sha256:65fa6cb38ed5e9c3637e68e544f598b39c3b86b808ed0627a67b68320384b459 \
    --hash=sha256:66bd62c59a5427746e8c44becae1d9b99d22fb13f30f492083dfb9ad7c45cc18 \
    --hash=sha256:6e44c0e7c5664be20aee92085153150c0a7967310a73a43c0f832b7cd35d0dd3 \
    --hash=sha256:6f8c6e7a1cfa3dc9d0ee2de0e65e834537fa29992cc3976ffec914afc35c5dd5 \
    --hash=sha256:7322ec6cc9fba9d49ab888bb82d67ac5625627aa168f0165139b17018df3fb8a \
    --hash=sha256:73b133a9e6fb512858e7f065e96f1180aa46646bc74a83aea62f1d314f3dd035 \
    --hash=sha256:73f272fba87b8ccfe70a137d02a54af386f6d27aa509fbffdd978f5947aae1aa \
    --hash=sha256:7e77b324909c1617cbb4c668677e2c6ae13f44d7c1de0d4f15f2e3c10f3315b5 \
    --hash=sha256:80115dd39481fd3a4b4080220799dbcacb921a844de4b827264ececacbe17c78 \
    --hash=sha256:87ccab0db8d5f4fbb0272642113c1adb2ffc698c16d3a0944580222331fa7a20 \
    --hash=sha256:89dfee3319f5ae3f75ebd5c2445a809bb320252ba5529ffdafea4ef25d79cf1a \
    --hash=sha256:8ac59a0900474a52b7c04af8196affc22bd9842acb0950df12f7b813e983609a \
    --hash=sha256:8cae6fd77a5b72dae505084b1a2ee0360139faf72fedbab667cd7cc65aae7a6a \
    --hash=sha256:8d3469c91dd92ee41b7c95280edbd975ef1ba9195086686623a1c6e8935ce965 \
    --hash=sha256:90c633e7e8d6bf4e992b8b36ce69e018f834b641dd6de8cea6d78c06ffa119c5 \
    --hash=sha256:93db40c8de0815baab96a06e08a984bac71f989d13bab789e382158c5d426797 \
    --hash=sha256:9724e6cb5e478cd7d8cabf027826178739cb18cf0e117d0e32814d479fa02276 \
    --hash=sha256:98c6ac18480fcdb33f35439183f1d2e79760ab41930309c6d951cb1f8e46694c \
    --hash=sha256:9a15e785f244f3e07847b984ce8773fc3da10a9f3c131cc49a4c5b4d672b4547 \
    --hash=sha256:9b60d7814174f059e5de4ab98271cc5ba9259cfea55273a81544dceea32dc8d9 \
    --hash=sha256:9be2a6647740dd3cca6acb24e87f03d7632cd280dbce9bbe40c26353a215a45d \
    --hash=sha256:9c7472192ebfad53a6be7c4a8bfb2d64b81c0e93a1fc8c57e1dd0b638297b5d1 \
    --hash=sha256:9dce8ec9695f531a1b8a6f314fd4b393adcccf2ea861db480cdf97a301d01a68 \
    --hash=sha256:9e50d748a32da622f256e8d505867f5d3c43a837c6a9f0efb149655fadd1042a \
    --hash=sha256:a81758ed242b861b72e778ba34d41366441a2e10b16b472784c88da2dea7e2dd \
    --hash=sha256:ac777001cdfc28b72477d93c8564bb7583081ea8fb45cdca3d568e0a4f87183c \
    --hash=sha256:b2b506b1788df5fecd270a10d5e70a95fe77b87ea2b370a318043f6f5f817ee6 \
    --hash=sha256:b2ea4a3e8357be8849e833beeae757ac3c7a6b3fc055c03c808a53c91ad30d82 \
    --hash=sha256:bf1516fe58fc104f39b2d1dbe2d5e27d0cd45c4be2e42ba6ee0cc763701ec3c7 \
    --hash=sha256:c0d702548d89d572b2929879bc883bb7a4c4709efafe4512cadee56c55c9bd15 \
    --hash=sha256:c10b82c2634df08dfb13b1f04e38fe310d086ee092f4f69c0c8da234251e556e \
    --hash=sha256:c42572142ed0b9d5d261ba727157c426510da78e20828b66bbb855098b8a4e38 \
    --hash=sha256:c4585c3e64b4f9e583b4d2683f18f5d5d872b3d71dcf24594b74ecc23602fa96 \
    --hash=sha256:c639ea314df70a7b2811e8020448c75af8c9445f5a60f8a4ced81c306a9380c2 \
    --hash=sha256:c670fe7be5b6020b76bc6e8d2196074657e1327595bca93a389e1a76ab130ad8 \
    --hash=sha256:cc1b2440423a851fad781309dd87843868f4f66a6bcd1ddb9225cf4ec2c84732 \
    --hash=sha256:cd3584591ea4429026cdb931b054342c2bcf189b44ff367f8d5c15bc092a2966 \
    --hash=sha256:d15df07081d91b76ff20d43f94592ee110330152d617b730fdbe5ef9fb680053 \
    --hash=sha256:d19662dbedbe783d323196312d38f5ba53cf56296378252171985da6899887d3 \
    --hash=sha256:d24ecb4f5e009ea0bd275ee37ad9953b32005e2e5e60f8bbae16da0dbbf0d3a0 \
    --hash=sha256:d446c6ac40bb6e05025ccee55b84d80fe9bf8e93010ffc4bb9484f13d498835f \
    --hash=sha256:d51ffd3427640fa2da6ade574ceba932f210ad095f65fcc450a2b0a0d454868e \
    --hash=sha256:d6ce43a0269d68cee79a7d1ade7def53c20f8f2a047b92d7b5d5bcc73ae88327 \
    --hash=sha256:d721e53758b2cca74990185eb0671dd466d7a388a1a45d0c6f4c13cef41a68ac \
    --hash=sha256:d7da47a0f248977f08e2cb659ff3c17ddc13a4d39b3a7baa0a81bf5b415430f6 \
    --hash=sha256:db47b561c9afd884baa1f96f797c9ca369872c4b65912bc691cfa99e68340af2 \
    --hash=sha256:dbe6493fbd27321b1d1f2dd4f5c7e5bd4d8b1d7cab7f32fd67db3d0b2ed8248a \
    --hash=sha256:dbece16025afda5e3031af0c4059207e61dcf73ef13af844964f57f387d1c435 \
    --hash=sha256:ddd67571c10869f65a5d7dde536d1e066e306cc90de57d7de4d5f34802428bb5 \
    --hash=sha256:de9208bb427130c82a5dbfd104f92c8876fc9559278c880b3002755bbbe9c83d \
    --hash=sha256:e30d40268a28d54ce0437031750497004c22602b8e3ab891f759b795a003b312 \
    --hash=sha256:e8b0abe7d870f53ca5143895fef7d1041a0c831a140d3dc2c760dd7ba25d4a8b \
    --hash=sha256:f035d9dc1d25eff9d361456572231c7d27b5ccd473ca7dc0adfce732bd006d40 \
    --hash=sha256:f04b9f56b0e0614c0126be12c2c2d9f8850c1e57af302bd0a63bed379d4af974 \
    --hash=sha256:f0fa4fa9c3632d708742baf2282f2055c11d888a790362670a403cbf48a2c404 \
    --hash=sha256:f2e7f8e2ab6c2922be02c7ec45185aa5bd771e2e57b95455ee343a44d8130dff \
    --hash=sha256:f8f6fa298bb4f7f58a33334406218ba74716e68feddf5e4e54cd5d8082705abf \
    --hash=sha256:fbf300e2070bb35038660b3be1be4b91b0024edb41517e6996320b49b92b4175 \
    --hash=sha256:fce7760bf283405b2c7999cab3da4e72f7deca6396013115e3f7a955db9760da \
    --hash=sha256:fcee38cd8e5089d6d4f048ba1233b3ad76e5954f545382180889112ff5cb712d \
    --hash=sha256:fe31f28c94402043161876a258a9c6f757cb485905c7614ce8d6cd40e6b7bdc1 \
    --hash=sha256:ffd8893ccc1c2fce6e0d6ca402d716fe1b29db70c7132609a05955e31b2aa8f2
    # via nltk
rouge-score==0.1.2 \
    --hash=sha256:c7d4da2683e68c9abf0135ef915d63a46643666f848e558a1b9f7ead17ff0f04
    # via -r traffic_experiment/requirements-runner.txt
service-identity==26.1.0 \
    --hash=sha256:6358c52882c96e66ac4a55eb3a72c7dd4a70763f8cc6fa4e70abde2656f4bf3b \
    --hash=sha256:68c32dadbb69135fb951077677e07cd7f6031020f3a8c8f47a28cda8a0742118
    # via aioquic
six==1.17.0 \
    --hash=sha256:4721f391ed90541fddacab5acf947aa0d3dc7d27b2e1e8eda2be8970586c3274 \
    --hash=sha256:ff70335d468e7eb6ec65b95b99d3a2836546063f63acc5171de367e834932a81
    # via rouge-score
tqdm==4.70.0 \
    --hash=sha256:55b0b0dbd97462d06ebee91e4dac24ed4d4702be82b24f07e6c1d27e08cea220 \
    --hash=sha256:7f585706bfddbdebf89daac705b2dfcc16890130727d3197ca62c732b4310953
    # via nltk
typing-extensions==4.16.0 \
    --hash=sha256:481caa481374e813c1b176ada14e97f1f67a4539ce9cfeb3f350d78d6370c2e8 \
    --hash=sha256:dc983d19a509c94dba722ee6abd33940f7c05a89e243c47e907eb4db6f1a43e5
    # via
    #   anyio
    #   pyopenssl
